
Microsoft Visual Studio Solution File, Format Version 12.00
# Visual Studio Version 16
VisualStudioVersion = 16.0.31205.176
MinimumVisualStudioVersion = 10.0.40219.1
Project("{FAE04EC0-301F-11D3-BF4B-00C04F79EFBC}") = "Decorator", "Decorator\Decorator.csproj", "{AB695B0A-A0C0-4D35-8AD7-9C6887F029EC}"
EndProject
Global
	GlobalSection(SolutionConfigurationPlatforms) = preSolution
		Debug|Any CPU = Debug|Any CPU
		Release|Any CPU = Release|Any CPU
	EndGlobalSection
	GlobalSection(ProjectConfigurationPlatforms) = postSolution
		{AB695B0A-A0C0-4D35-8AD7-9C6887F029EC}.Debug|Any CPU.ActiveCfg = Debug|Any CPU
		{AB695B0A-A0C0-4D35-8AD7-9C6887F029EC}.Debug|Any CPU.Build.0 = Debug|Any CPU
		{AB695B0A-A0C0-4D35-8AD7-9C6887F029EC}.Release|Any CPU.ActiveCfg = Release|Any CPU
		{AB695B0A-A0C0-4D35-8AD7-9C6887F029EC}.Release|Any CPU.Build.0 = Release|Any CPU
	EndGlobalSection
	GlobalSection(SolutionProperties) = preSolution
		HideSolutionNode = FALSE
	EndGlobalSection
	GlobalSection(ExtensibilityGlobals) = postSolution
		SolutionGuid = {2AAE0E0D-7855-4690-878F-38A39984FDB3}
	EndGlobalSection
EndGlobal
